# This file is automatically @generated by Poetry 2.2.1 and should not be changed by hand.

[[package]]
name = "asyncclick"
version = "8.2.2.2"
description = "Composable command line interface toolkit, async fork"
optional = false
python-versions = ">=3.11"
groups = ["main"]
files = [
    {file = "asyncclick-8.2.2.2-py3-none-any.whl", hash = "sha256:ee500f57923e2588d624227d80b568546325a758b902a89519913926454187d9"},
    {file = "asyncclick-8.2.2.2.tar.gz", hash = "sha256:014f6b7bfb1ef34a2215bc36aebd5150d5d2e50668b12eceb749961e32c24660"},
]

[package.dependencies]
colorama = {version = "*", markers = "platform_system == \"Windows\""}

[[package]]
name = "colorama"
version = "0.4.6"
description = "Cross-platform colored terminal text."
optional = false
python-versions = "!=3.0.*,!=3.1.*,!=3.2.*,!=3.3.*,!=3.4.*,!=3.5.*,!=3.6.*,>=2.7"
groups = ["main"]
markers = "platform_system == \"Windows\""
files = [
    {file = "colorama-0.4.6-py2.py3-none-any.whl", hash = "sha256:4f1d9991f5acc0ca119f9d443620b77f9d6b33703e51011c16baf57afb285fc6"},
    {file = "colorama-0.4.6.tar.gz", hash = "sha256:08695f5cb7ed6e0531a20572697297273c47b8cae5a63ffc6d6ed5c201be6e44"},
]

[metadata]
lock-version = "2.1"
python-versions = ">=3.11"
content-hash = "f346b6210d5e13ef1da97ceae4fdb7c1347da4b3c25f977fe55297930cc482dd"
